// !$*UTF8*$!
{
	archiveVersion = 1;
	classes = {
	};
	objectVersion = 46;
	objects = {

/* Begin PBXBuildFile section */
		8E033DFA1CE6B21F0028BC99 /* StrobeInterfaceController.swift in Sources */ = {isa = PBXBuildFile; fileRef = 8E033DF91CE6B21F0028BC99 /* StrobeInterfaceController.swift */; };
		8E033E021CE6B40D0028BC99 /* frame0.png in Resources */ = {isa = PBXBuildFile; fileRef = 8E033E001CE6B40D0028BC99 /* frame0.png */; };
		8E033E031CE6B40D0028BC99 /* frame1.png in Resources */ = {isa = PBXBuildFile; fileRef = 8E033E011CE6B40D0028BC99 /* frame1.png */; };
		8E826F1D1CA4C07B008893D6 /* AppDelegate.swift in Sources */ = {isa = PBXBuildFile; fileRef = 8E826F1C1CA4C07B008893D6 /* AppDelegate.swift */; };
		8E826F1F1CA4C07B008893D6 /* ViewController.swift in Sources */ = {isa = PBXBuildFile; fileRef = 8E826F1E1CA4C07B008893D6 /* ViewController.swift */; };
		8E826F221CA4C07B008893D6 /* Main.storyboard in Resources */ = {isa = PBXBuildFile; fileRef = 8E826F201CA4C07B008893D6 /* Main.storyboard */; };
		8E826F241CA4C07B008893D6 /* Assets.xcassets in Resources */ = {isa = PBXBuildFile; fileRef = 8E826F231CA4C07B008893D6 /* Assets.xcassets */; };
		8E826F271CA4C07B008893D6 /* LaunchScreen.storyboard in Resources */ = {isa = PBXBuildFile; fileRef = 8E826F251CA4C07B008893D6 /* LaunchScreen.storyboard */; };
		8E826F341CA4C11E008893D6 /* Interface.storyboard in Resources */ = {isa = PBXBuildFile; fileRef = 8E826F321CA4C11E008893D6 /* Interface.storyboard */; };
		8E826F361CA4C11E008893D6 /* Assets.xcassets in Resources */ = {isa = PBXBuildFile; fileRef = 8E826F351CA4C11E008893D6 /* Assets.xcassets */; };
		8E826F3D1CA4C11F008893D6 /* Watch sLight Complication Extension.appex in Embed App Extensions */ = {isa = PBXBuildFile; fileRef = 8E826F3C1CA4C11F008893D6 /* Watch sLight Complication Extension.appex */; settings = {ATTRIBUTES = (RemoveHeadersOnCopy, ); }; };
		8E826F421CA4C11F008893D6 /* InterfaceController.swift in Sources */ = {isa = PBXBuildFile; fileRef = 8E826F411CA4C11F008893D6 /* InterfaceController.swift */; };
		8E826F441CA4C11F008893D6 /* ExtensionDelegate.swift in Sources */ = {isa = PBXBuildFile; fileRef = 8E826F431CA4C11F008893D6 /* ExtensionDelegate.swift */; };
		8E826F461CA4C11F008893D6 /* GlanceController.swift in Sources */ = {isa = PBXBuildFile; fileRef = 8E826F451CA4C11F008893D6 /* GlanceController.swift */; };
		8E826F481CA4C11F008893D6 /* ComplicationController.swift in Sources */ = {isa = PBXBuildFile; fileRef = 8E826F471CA4C11F008893D6 /* ComplicationController.swift */; };
		8E826F4A1CA4C11F008893D6 /* Assets.xcassets in Resources */ = {isa = PBXBuildFile; fileRef = 8E826F491CA4C11F008893D6 /* Assets.xcassets */; };
		8E826F4E1CA4C11F008893D6 /* Watch sLight Complication.app in Embed Watch Content */ = {isa = PBXBuildFile; fileRef = 8E826F301CA4C11E008893D6 /* Watch sLight Complication.app */; };
		8E826F581CA4C57B008893D6 /* sketch icon.png in Resources */ = {isa = PBXBuildFile; fileRef = 8E826F571CA4C57B008893D6 /* sketch icon.png */; };
		8E826F591CA4CE7E008893D6 /* sketch icon.png in Resources */ = {isa = PBXBuildFile; fileRef = 8E826F571CA4C57B008893D6 /* sketch icon.png */; };
		8E826F5A1CA4CE7F008893D6 /* sketch icon.png in Resources */ = {isa = PBXBuildFile; fileRef = 8E826F571CA4C57B008893D6 /* sketch icon.png */; };
		8E9AA71A1CD2E7FF00337CF4 /* Black Screen.png in Resources */ = {isa = PBXBuildFile; fileRef = 8E9AA7191CD2E7FF00337CF4 /* Black Screen.png */; };
		8E9BF80F1CB73B0700A07AD7 /* White Screen.png in Resources */ = {isa = PBXBuildFile; fileRef = 8E9BF80D1CB73B0700A07AD7 /* White Screen.png */; };
		8E9BF8101CB73B0700A07AD7 /* Red Screen.png in Resources */ = {isa = PBXBuildFile; fileRef = 8E9BF80E1CB73B0700A07AD7 /* Red Screen.png */; };
/* End PBXBuildFile section */

/* Begin PBXContainerItemProxy section */
		8E826F3E1CA4C11F008893D6 /* PBXContainerItemProxy */ = {
			isa = PBXContainerItemProxy;
			containerPortal = 8E826F111CA4C07B008893D6 /* Project object */;
			proxyType = 1;
			remoteGlobalIDString = 8E826F3B1CA4C11F008893D6;
			remoteInfo = "Watch sLight Complication Extension";
		};
		8E826F4C1CA4C11F008893D6 /* PBXContainerItemProxy */ = {
			isa = PBXContainerItemProxy;
			containerPortal = 8E826F111CA4C07B008893D6 /* Project object */;
			proxyType = 1;
			remoteGlobalIDString = 8E826F2F1CA4C11E008893D6;
			remoteInfo = "Watch sLight Complication";
		};
/* End PBXContainerItemProxy section */

/* Begin PBXCopyFilesBuildPhase section */
		8E826F521CA4C11F008893D6 /* Embed App Extensions */ = {
			isa = PBXCopyFilesBuildPhase;
			buildActionMask = 2147483647;
			dstPath = "";
			dstSubfolderSpec = 13;
			files = (
				8E826F3D1CA4C11F008893D6 /* Watch sLight Complication Extension.appex in Embed App Extensions */,
			);
			name = "Embed App Extensions";
			runOnlyForDeploymentPostprocessing = 0;
		};
		8E826F561CA4C11F008893D6 /* Embed Watch Content */ = {
			isa = PBXCopyFilesBuildPhase;
			buildActionMask = 2147483647;
			dstPath = "$(CONTENTS_FOLDER_PATH)/Watch";
			dstSubfolderSpec = 16;
			files = (
				8E826F4E1CA4C11F008893D6 /* Watch sLight Complication.app in Embed Watch Content */,
			);
			name = "Embed Watch Content";
			runOnlyForDeploymentPostprocessing = 0;
		};
/* End PBXCopyFilesBuildPhase section */

/* Begin PBXFileReference section */
		8E033DF91CE6B21F0028BC99 /* StrobeInterfaceController.swift */ = {isa = PBXFileReference; fileEncoding = 4; lastKnownFileType = sourcecode.swift; path = StrobeInterfaceController.swift; sourceTree = "<group>"; };
		8E033E001CE6B40D0028BC99 /* frame0.png */ = {isa = PBXFileReference; lastKnownFileType = image.png; path = frame0.png; sourceTree = "<group>"; };
		8E033E011CE6B40D0028BC99 /* frame1.png */ = {isa = PBXFileReference; lastKnownFileType = image.png; path = frame1.png; sourceTree = "<group>"; };
		8E826F191CA4C07B008893D6 /* sLight Complication.app */ = {isa = PBXFileReference; explicitFileType = wrapper.application; includeInIndex = 0; path = "sLight Complication.app"; sourceTree = BUILT_PRODUCTS_DIR; };
		8E826F1C1CA4C07B008893D6 /* AppDelegate.swift */ = {isa = PBXFileReference; lastKnownFileType = sourcecode.swift; path = AppDelegate.swift; sourceTree = "<group>"; };
		8E826F1E1CA4C07B008893D6 /* ViewController.swift */ = {isa = PBXFileReference; lastKnownFileType = sourcecode.swift; path = ViewController.swift; sourceTree = "<group>"; };
		8E826F211CA4C07B008893D6 /* Base */ = {isa = PBXFileReference; lastKnownFileType = file.storyboard; name = Base; path = Base.lproj/Main.storyboard; sourceTree = "<group>"; };
		8E826F231CA4C07B008893D6 /* Assets.xcassets */ = {isa = PBXFileReference; lastKnownFileType = folder.assetcatalog; path = Assets.xcassets; sourceTree = "<group>"; };
		8E826F261CA4C07B008893D6 /* Base */ = {isa = PBXFileReference; lastKnownFileType = file.storyboard; name = Base; path = Base.lproj/LaunchScreen.storyboard; sourceTree = "<group>"; };
		8E826F281CA4C07B008893D6 /* Info.plist */ = {isa = PBXFileReference; lastKnownFileType = text.plist.xml; path = Info.plist; sourceTree = "<group>"; };
		8E826F301CA4C11E008893D6 /* Watch sLight Complication.app */ = {isa = PBXFileReference; explicitFileType = wrapper.application; includeInIndex = 0; path = "Watch sLight Complication.app"; sourceTree = BUILT_PRODUCTS_DIR; };
		8E826F331CA4C11E008893D6 /* Base */ = {isa = PBXFileReference; lastKnownFileType = file.storyboard; name = Base; path = Base.lproj/Interface.storyboard; sourceTree = "<group>"; };
		8E826F351CA4C11E008893D6 /* Assets.xcassets */ = {isa = PBXFileReference; lastKnownFileType = folder.assetcatalog; path = Assets.xcassets; sourceTree = "<group>"; };
		8E826F371CA4C11E008893D6 /* Info.plist */ = {isa = PBXFileReference; lastKnownFileType = text.plist.xml; path = Info.plist; sourceTree = "<group>"; };
		8E826F3C1CA4C11F008893D6 /* Watch sLight Complication Extension.appex */ = {isa = PBXFileReference; explicitFileType = "wrapper.app-extension"; includeInIndex = 0; path = "Watch sLight Complication Extension.appex"; sourceTree = BUILT_PRODUCTS_DIR; };
		8E826F411CA4C11F008893D6 /* InterfaceController.swift */ = {isa = PBXFileReference; lastKnownFileType = sourcecode.swift; path = InterfaceController.swift; sourceTree = "<group>"; };
		8E826F431CA4C11F008893D6 /* ExtensionDelegate.swift */ = {isa = PBXFileReference; lastKnownFileType = sourcecode.swift; path = ExtensionDelegate.swift; sourceTree = "<group>"; };
		8E826F451CA4C11F008893D6 /* GlanceController.swift */ = {isa = PBXFileReference; lastKnownFileType = sourcecode.swift; path = GlanceController.swift; sourceTree = "<group>"; };
		8E826F471CA4C11F008893D6 /* ComplicationController.swift */ = {isa = PBXFileReference; lastKnownFileType = sourcecode.swift; path = ComplicationController.swift; sourceTree = "<group>"; };
		8E826F491CA4C11F008893D6 /* Assets.xcassets */ = {isa = PBXFileReference; lastKnownFileType = folder.assetcatalog; path = Assets.xcassets; sourceTree = "<group>"; };
		8E826F4B1CA4C11F008893D6 /* Info.plist */ = {isa = PBXFileReference; lastKnownFileType = text.plist.xml; path = Info.plist; sourceTree = "<group>"; };
		8E826F571CA4C57B008893D6 /* sketch icon.png */ = {isa = PBXFileReference; lastKnownFileType = image.png; path = "sketch icon.png"; sourceTree = "<group>"; };
		8E9AA7191CD2E7FF00337CF4 /* Black Screen.png */ = {isa = PBXFileReference; lastKnownFileType = image.png; path = "Black Screen.png"; sourceTree = "<group>"; };
		8E9BF80D1CB73B0700A07AD7 /* White Screen.png */ = {isa = PBXFileReference; lastKnownFileType = image.png; path = "White Screen.png"; sourceTree = "<group>"; };
		8E9BF80E1CB73B0700A07AD7 /* Red Screen.png */ = {isa = PBXFileReference; lastKnownFileType = image.png; path = "Red Screen.png"; sourceTree = "<group>"; };
/* End PBXFileReference section */

/* Begin PBXFrameworksBuildPhase section */
		8E826F161CA4C07B008893D6 /* Frameworks */ = {
			isa = PBXFrameworksBuildPhase;
			buildActionMask = 2147483647;
			files = (
			);
			runOnlyForDeploymentPostprocessing = 0;
		};
		8E826F391CA4C11F008893D6 /* Frameworks */ = {
			isa = PBXFrameworksBuildPhase;
			buildActionMask = 2147483647;
			files = (
			);
			runOnlyForDeploymentPostprocessing = 0;
		};
/* End PBXFrameworksBuildPhase section */

/* Begin PBXGroup section */
		8E033DFB1CE6B37C0028BC99 /* Frames */ = {
			isa = PBXGroup;
			children = (
				8E033E001CE6B40D0028BC99 /* frame0.png */,
				8E033E011CE6B40D0028BC99 /* frame1.png */,
			);
			name = Frames;
			sourceTree = "<group>";
		};
		8E826F101CA4C07B008893D6 = {
			isa = PBXGroup;
			children = (
				8E826F1B1CA4C07B008893D6 /* sLight Complication */,
				8E826F311CA4C11E008893D6 /* Watch sLight Complication */,
				8E826F401CA4C11F008893D6 /* Watch sLight Complication Extension */,
				8E826F1A1CA4C07B008893D6 /* Products */,
			);
			sourceTree = "<group>";
		};
		8E826F1A1CA4C07B008893D6 /* Products */ = {
			isa = PBXGroup;
			children = (
				8E826F191CA4C07B008893D6 /* sLight Complication.app */,
				8E826F301CA4C11E008893D6 /* Watch sLight Complication.app */,
				8E826F3C1CA4C11F008893D6 /* Watch sLight Complication Extension.appex */,
			);
			name = Products;
			sourceTree = "<group>";
		};
		8E826F1B1CA4C07B008893D6 /* sLight Complication */ = {
			isa = PBXGroup;
			children = (
				8E826F1C1CA4C07B008893D6 /* AppDelegate.swift */,
				8E826F1E1CA4C07B008893D6 /* ViewController.swift */,
				8E826F201CA4C07B008893D6 /* Main.storyboard */,
				8E826F231CA4C07B008893D6 /* Assets.xcassets */,
				8E826F251CA4C07B008893D6 /* LaunchScreen.storyboard */,
				8E826F281CA4C07B008893D6 /* Info.plist */,
			);
			path = "sLight Complication";
			sourceTree = "<group>";
		};
		8E826F311CA4C11E008893D6 /* Watch sLight Complication */ = {
			isa = PBXGroup;
			children = (
				8E826F321CA4C11E008893D6 /* Interface.storyboard */,
				8E826F351CA4C11E008893D6 /* Assets.xcassets */,
				8E9BF80D1CB73B0700A07AD7 /* White Screen.png */,
				8E9AA7191CD2E7FF00337CF4 /* Black Screen.png */,
				8E033DFB1CE6B37C0028BC99 /* Frames */,
				8E9BF80E1CB73B0700A07AD7 /* Red Screen.png */,
				8E826F571CA4C57B008893D6 /* sketch icon.png */,
				8E826F371CA4C11E008893D6 /* Info.plist */,
			);
			path = "Watch sLight Complication";
			sourceTree = "<group>";
		};
		8E826F401CA4C11F008893D6 /* Watch sLight Complication Extension */ = {
			isa = PBXGroup;
			children = (
				8E826F411CA4C11F008893D6 /* InterfaceController.swift */,
				8E033DF91CE6B21F0028BC99 /* StrobeInterfaceController.swift */,
				8E826F431CA4C11F008893D6 /* ExtensionDelegate.swift */,
				8E826F451CA4C11F008893D6 /* GlanceController.swift */,
				8E826F471CA4C11F008893D6 /* ComplicationController.swift */,
				8E826F491CA4C11F008893D6 /* Assets.xcassets */,
				8E826F4B1CA4C11F008893D6 /* Info.plist */,
			);
			path = "Watch sLight Complication Extension";
			sourceTree = "<group>";
		};
/* End PBXGroup section */

/* Begin PBXNativeTarget section */
		8E826F181CA4C07B008893D6 /* sLight Complication */ = {
			isa = PBXNativeTarget;
			buildConfigurationList = 8E826F2B1CA4C07B008893D6 /* Build configuration list for PBXNativeTarget "sLight Complication" */;
			buildPhases = (
				8E826F151CA4C07B008893D6 /* Sources */,
				8E826F161CA4C07B008893D6 /* Frameworks */,
				8E826F171CA4C07B008893D6 /* Resources */,
				8E826F561CA4C11F008893D6 /* Embed Watch Content */,
			);
			buildRules = (
			);
			dependencies = (
				8E826F4D1CA4C11F008893D6 /* PBXTargetDependency */,
			);
			name = "sLight Complication";
			productName = "sLight Complication";
			productReference = 8E826F191CA4C07B008893D6 /* sLight Complication.app */;
			productType = "com.apple.product-type.application";
		};
		8E826F2F1CA4C11E008893D6 /* Watch sLight Complication */ = {
			isa = PBXNativeTarget;
			buildConfigurationList = 8E826F531CA4C11F008893D6 /* Build configuration list for PBXNativeTarget "Watch sLight Complication" */;
			buildPhases = (
				8E826F2E1CA4C11E008893D6 /* Resources */,
				8E826F521CA4C11F008893D6 /* Embed App Extensions */,
			);
			buildRules = (
			);
			dependencies = (
				8E826F3F1CA4C11F008893D6 /* PBXTargetDependency */,
			);
			name = "Watch sLight Complication";
			productName = "Watch sLight Complication";
			productReference = 8E826F301CA4C11E008893D6 /* Watch sLight Complication.app */;
			productType = "com.apple.product-type.application.watchapp2";
		};
		8E826F3B1CA4C11F008893D6 /* Watch sLight Complication Extension */ = {
			isa = PBXNativeTarget;
			buildConfigurationList = 8E826F4F1CA4C11F008893D6 /* Build configuration list for PBXNativeTarget "Watch sLight Complication Extension" */;
			buildPhases = (
				8E826F381CA4C11F008893D6 /* Sources */,
				8E826F391CA4C11F008893D6 /* Frameworks */,
				8E826F3A1CA4C11F008893D6 /* Resources */,
			);
			buildRules = (
			);
			dependencies = (
			);
			name = "Watch sLight Complication Extension";
			productName = "Watch sLight Complication Extension";
			productReference = 8E826F3C1CA4C11F008893D6 /* Watch sLight Complication Extension.appex */;
			productType = "com.apple.product-type.watchkit2-extension";
		};
/* End PBXNativeTarget section */

/* Begin PBXProject section */
		8E826F111CA4C07B008893D6 /* Project object */ = {
			isa = PBXProject;
			attributes = {
				LastSwiftUpdateCheck = 0730;
				LastUpgradeCheck = 0730;
				ORGANIZATIONNAME = "Blaine Wilson";
				TargetAttributes = {
					8E826F181CA4C07B008893D6 = {
						CreatedOnToolsVersion = 7.3;
					};
					8E826F2F1CA4C11E008893D6 = {
						CreatedOnToolsVersion = 7.3;
					};
					8E826F3B1CA4C11F008893D6 = {
						CreatedOnToolsVersion = 7.3;
						DevelopmentTeam = CNCDUB33GL;
					};
				};
			};
			buildConfigurationList = 8E826F141CA4C07B008893D6 /* Build configuration list for PBXProject "sLight Complication" */;
			compatibilityVersion = "Xcode 3.2";
			developmentRegion = English;
			hasScannedForEncodings = 0;
			knownRegions = (
				en,
				Base,
			);
			mainGroup = 8E826F101CA4C07B008893D6;
			productRefGroup = 8E826F1A1CA4C07B008893D6 /* Products */;
			projectDirPath = "";
			projectRoot = "";
			targets = (
				8E826F181CA4C07B008893D6 /* sLight Complication */,
				8E826F2F1CA4C11E008893D6 /* Watch sLight Complication */,
				8E826F3B1CA4C11F008893D6 /* Watch sLight Complication Extension */,
			);
		};
/* End PBXProject section */

/* Begin PBXResourcesBuildPhase section */
		8E826F171CA4C07B008893D6 /* Resources */ = {
			isa = PBXResourcesBuildPhase;
			buildActionMask = 2147483647;
			files = (
				8E826F271CA4C07B008893D6 /* LaunchScreen.storyboard in Resources */,
				8E826F591CA4CE7E008893D6 /* sketch icon.png in Resources */,
				8E826F241CA4C07B008893D6 /* Assets.xcassets in Resources */,
				8E826F221CA4C07B008893D6 /* Main.storyboard in Resources */,
			);
			runOnlyForDeploymentPostprocessing = 0;
		};
		8E826F2E1CA4C11E008893D6 /* Resources */ = {
			isa = PBXResourcesBuildPhase;
			buildActionMask = 2147483647;
			files = (
				8E9BF8101CB73B0700A07AD7 /* Red Screen.png in Resources */,
				8E033E031CE6B40D0028BC99 /* frame1.png in Resources */,
				8E9BF80F1CB73B0700A07AD7 /* White Screen.png in Resources */,
				8E9AA71A1CD2E7FF00337CF4 /* Black Screen.png in Resources */,
				8E826F581CA4C57B008893D6 /* sketch icon.png in Resources */,
				8E826F361CA4C11E008893D6 /* Assets.xcassets in Resources */,
				8E826F341CA4C11E008893D6 /* Interface.storyboard in Resources */,
				8E033E021CE6B40D0028BC99 /* frame0.png in Resources */,
			);
			runOnlyForDeploymentPostprocessing = 0;
		};
		8E826F3A1CA4C11F008893D6 /* Resources */ = {
			isa = PBXResourcesBuildPhase;
			buildActionMask = 2147483647;
			files = (
				8E826F4A1CA4C11F008893D6 /* Assets.xcassets in Resources */,
				8E826F5A1CA4CE7F008893D6 /* sketch icon.png in Resources */,
			);
			runOnlyForDeploymentPostprocessing = 0;
		};
/* End PBXResourcesBuildPhase section */

/* Begin PBXSourcesBuildPhase section */
		8E826F151CA4C07B008893D6 /* Sources */ = {
			isa = PBXSourcesBuildPhase;
			buildActionMask = 2147483647;
			files = (
				8E826F1F1CA4C07B008893D6 /* ViewController.swift in Sources */,
				8E826F1D1CA4C07B008893D6 /* AppDelegate.swift in Sources */,
			);
			runOnlyForDeploymentPostprocessing = 0;
		};
		8E826F381CA4C11F008893D6 /* Sources */ = {
			isa = PBXSourcesBuildPhase;
			buildActionMask = 2147483647;
			files = (
				8E826F441CA4C11F008893D6 /* ExtensionDelegate.swift in Sources */,
				8E033DFA1CE6B21F0028BC99 /* StrobeInterfaceController.swift in Sources */,
				8E826F481CA4C11F008893D6 /* ComplicationController.swift in Sources */,
				8E826F421CA4C11F008893D6 /* InterfaceController.swift in Sources */,
				8E826F461CA4C11F008893D6 /* GlanceController.swift in Sources */,
			);
			runOnlyForDeploymentPostprocessing = 0;
		};
/* End PBXSourcesBuildPhase section */

/* Begin PBXTargetDependency section */
		8E826F3F1CA4C11F008893D6 /* PBXTargetDependency */ = {
			isa = PBXTargetDependency;
			target = 8E826F3B1CA4C11F008893D6 /* Watch sLight Complication Extension */;
			targetProxy = 8E826F3E1CA4C11F008893D6 /* PBXContainerItemProxy */;
		};
		8E826F4D1CA4C11F008893D6 /* PBXTargetDependency */ = {
			isa = PBXTargetDependency;
			target = 8E826F2F1CA4C11E008893D6 /* Watch sLight Complication */;
			targetProxy = 8E826F4C1CA4C11F008893D6 /* PBXContainerItemProxy */;
		};
/* End PBXTargetDependency section */

/* Begin PBXVariantGroup section */
		8E826F201CA4C07B008893D6 /* Main.storyboard */ = {
			isa = PBXVariantGroup;
			children = (
				8E826F211CA4C07B008893D6 /* Base */,
			);
			name = Main.storyboard;
			sourceTree = "<group>";
		};
		8E826F251CA4C07B008893D6 /* LaunchScreen.storyboard */ = {
			isa = PBXVariantGroup;
			children = (
				8E826F261CA4C07B008893D6 /* Base */,
			);
			name = LaunchScreen.storyboard;
			sourceTree = "<group>";
		};
		8E826F321CA4C11E008893D6 /* Interface.storyboard */ = {
			isa = PBXVariantGroup;
			children = (
				8E826F331CA4C11E008893D6 /* Base */,
			);
			name = Interface.storyboard;
			sourceTree = "<group>";
		};
/* End PBXVariantGroup section */

/* Begin XCBuildConfiguration section */
		8E826F291CA4C07B008893D6 /* Debug */ = {
			isa = XCBuildConfiguration;
			buildSettings = {
				ALWAYS_SEARCH_USER_PATHS = NO;
				CLANG_ANALYZER_NONNULL = YES;
				CLANG_CXX_LANGUAGE_STANDARD = "gnu++0x";
				CLANG_CXX_LIBRARY = "libc++";
				CLANG_ENABLE_MODULES = YES;
				CLANG_ENABLE_OBJC_ARC = YES;
				CLANG_WARN_BOOL_CONVERSION = YES;
				CLANG_WARN_CONSTANT_CONVERSION = YES;
				CLANG_WARN_DIRECT_OBJC_ISA_USAGE = YES_ERROR;
				CLANG_WARN_EMPTY_BODY = YES;
				CLANG_WARN_ENUM_CONVERSION = YES;
				CLANG_WARN_INT_CONVERSION = YES;
				CLANG_WARN_OBJC_ROOT_CLASS = YES_ERROR;
				CLANG_WARN_UNREACHABLE_CODE = YES;
				CLANG_WARN__DUPLICATE_METHOD_MATCH = YES;
				"CODE_SIGN_IDENTITY[sdk=iphoneos*]" = "iPhone Developer";
				COPY_PHASE_STRIP = NO;
				DEBUG_INFORMATION_FORMAT = dwarf;
				ENABLE_STRICT_OBJC_MSGSEND = YES;
				ENABLE_TESTABILITY = YES;
				GCC_C_LANGUAGE_STANDARD = gnu99;
				GCC_DYNAMIC_NO_PIC = NO;
				GCC_NO_COMMON_BLOCKS = YES;
				GCC_OPTIMIZATION_LEVEL = 0;
				GCC_PREPROCESSOR_DEFINITIONS = (
					"DEBUG=1",
					"$(inherited)",
				);
				GCC_WARN_64_TO_32_BIT_CONVERSION = YES;
				GCC_WARN_ABOUT_RETURN_TYPE = YES_ERROR;
				GCC_WARN_UNDECLARED_SELECTOR = YES;
				GCC_WARN_UNINITIALIZED_AUTOS = YES_AGGRESSIVE;
				GCC_WARN_UNUSED_FUNCTION = YES;
				GCC_WARN_UNUSED_VARIABLE = YES;
				IPHONEOS_DEPLOYMENT_TARGET = 9.3;
				MTL_ENABLE_DEBUG_INFO = YES;
				ONLY_ACTIVE_ARCH = YES;
				SDKROOT = iphoneos;
				SWIFT_OPTIMIZATION_LEVEL = "-Onone";
			};
			name = Debug;
		};
		8E826F2A1CA4C07B008893D6 /* Release */ = {
			isa = XCBuildConfiguration;
			buildSettings = {
				ALWAYS_SEARCH_USER_PATHS = NO;
				CLANG_ANALYZER_NONNULL = YES;
				CLANG_CXX_LANGUAGE_STANDARD = "gnu++0x";
				CLANG_CXX_LIBRARY = "libc++";
				CLANG_ENABLE_MODULES = YES;
				CLANG_ENABLE_OBJC_ARC = YES;
				CLANG_WARN_BOOL_CONVERSION = YES;
				CLANG_WARN_CONSTANT_CONVERSION = YES;
				CLANG_WARN_DIRECT_OBJC_ISA_USAGE = YES_ERROR;
				CLANG_WARN_EMPTY_BODY = YES;
				CLANG_WARN_ENUM_CONVERSION = YES;
				CLANG_WARN_INT_CONVERSION = YES;
				CLANG_WARN_OBJC_ROOT_CLASS = YES_ERROR;
				CLANG_WARN_UNREACHABLE_CODE = YES;
				CLANG_WARN__DUPLICATE_METHOD_MATCH = YES;
				"CODE_SIGN_IDENTITY[sdk=iphoneos*]" = "iPhone Developer";
				COPY_PHASE_STRIP = NO;
				DEBUG_INFORMATION_FORMAT = "dwarf-with-dsym";
				ENABLE_NS_ASSERTIONS = NO;
				ENABLE_STRICT_OBJC_MSGSEND = YES;
				GCC_C_LANGUAGE_STANDARD = gnu99;
				GCC_NO_COMMON_BLOCKS = YES;
				GCC_WARN_64_TO_32_BIT_CONVERSION = YES;
				GCC_WARN_ABOUT_RETURN_TYPE = YES_ERROR;
				GCC_WARN_UNDECLARED_SELECTOR = YES;
				GCC_WARN_UNINITIALIZED_AUTOS = YES_AGGRESSIVE;
				GCC_WARN_UNUSED_FUNCTION = YES;
				GCC_WARN_UNUSED_VARIABLE = YES;
				IPHONEOS_DEPLOYMENT_TARGET = 9.3;
				MTL_ENABLE_DEBUG_INFO = NO;
				SDKROOT = iphoneos;
				VALIDATE_PRODUCT = YES;
			};
			name = Release;
		};
		8E826F2C1CA4C07B008893D6 /* Debug */ = {
			isa = XCBuildConfiguration;
			buildSettings = {
				ASSETCATALOG_COMPILER_APPICON_NAME = AppIcon;
				INFOPLIST_FILE = "sLight Complication/Info.plist";
				LD_RUNPATH_SEARCH_PATHS = "$(inherited) @executable_path/Frameworks";
				PRODUCT_BUNDLE_IDENTIFIER = "com.blowbackdesigns.sLight-Complication";
				PRODUCT_NAME = "$(TARGET_NAME)";
			};
			name = Debug;
		};
		8E826F2D1CA4C07B008893D6 /* Release */ = {
			isa = XCBuildConfiguration;
			buildSettings = {
				ASSETCATALOG_COMPILER_APPICON_NAME = AppIcon;
				INFOPLIST_FILE = "sLight Complication/Info.plist";
				LD_RUNPATH_SEARCH_PATHS = "$(inherited) @executable_path/Frameworks";
				PRODUCT_BUNDLE_IDENTIFIER = "com.blowbackdesigns.sLight-Complication";
				PRODUCT_NAME = "$(TARGET_NAME)";
			};
			name = Release;
		};
		8E826F501CA4C11F008893D6 /* Debug */ = {
			isa = XCBuildConfiguration;
			buildSettings = {
				ASSETCATALOG_COMPILER_COMPLICATION_NAME = Complication;
				CODE_SIGN_IDENTITY = "iPhone Developer";
				"CODE_SIGN_IDENTITY[sdk=watchos*]" = "iPhone Developer";
				INFOPLIST_FILE = "Watch sLight Complication Extension/Info.plist";
				LD_RUNPATH_SEARCH_PATHS = "$(inherited) @executable_path/Frameworks @executable_path/../../Frameworks";
				PRODUCT_BUNDLE_IDENTIFIER = "com.blowbackdesigns.sLight-Complication.watchkitapp.watchkitextension";
				PRODUCT_NAME = "${TARGET_NAME}";
				PROVISIONING_PROFILE = "";
				SDKROOT = watchos;
				SKIP_INSTALL = YES;
				TARGETED_DEVICE_FAMILY = 4;
				WATCHOS_DEPLOYMENT_TARGET = 2.2;
			};
			name = Debug;
		};
		8E826F511CA4C11F008893D6 /* Release */ = {
			isa = XCBuildConfiguration;
			buildSettings = {
				ASSETCATALOG_COMPILER_COMPLICATION_NAME = Complication;
				CODE_SIGN_IDENTITY = "iPhone Developer";
				"CODE_SIGN_IDENTITY[sdk=watchos*]" = "iPhone Developer";
				INFOPLIST_FILE = "Watch sLight Complication Extension/Info.plist";
				LD_RUNPATH_SEARCH_PATHS = "$(inherited) @executable_path/Frameworks @executable_path/../../Frameworks";
				PRODUCT_BUNDLE_IDENTIFIER = "com.blowbackdesigns.sLight-Complication.watchkitapp.watchkitextension";
				PRODUCT_NAME = "${TARGET_NAME}";
				PROVISIONING_PROFILE = "";
				SDKROOT = watchos;
				SKIP_INSTALL = YES;
				TARGETED_DEVICE_FAMILY = 4;
				WATCHOS_DEPLOYMENT_TARGET = 2.2;
			};
			name = Release;
		};
		8E826F541CA4C11F008893D6 /* Debug */ = {
			isa = XCBuildConfiguration;
			buildSettings = {
				ASSETCATALOG_COMPILER_APPICON_NAME = AppIcon;
				EMBEDDED_CONTENT_CONTAINS_SWIFT = YES;
				IBSC_MODULE = Watch_sLight_Complication_Extension;
				INFOPLIST_FILE = "Watch sLight Complication/Info.plist";
				PRODUCT_BUNDLE_IDENTIFIER = "com.blowbackdesigns.sLight-Complication.watchkitapp";
				PRODUCT_NAME = "$(TARGET_NAME)";
				SDKROOT = watchos;
				SKIP_INSTALL = YES;
				TARGETED_DEVICE_FAMILY = 4;
				WATCHOS_DEPLOYMENT_TARGET = 2.2;
			};
			name = Debug;
		};
		8E826F551CA4C11F008893D6 /* Release */ = {
			isa = XCBuildConfiguration;
			buildSettings = {
				ASSETCATALOG_COMPILER_APPICON_NAME = AppIcon;
				EMBEDDED_CONTENT_CONTAINS_SWIFT = YES;
				IBSC_MODULE = Watch_sLight_Complication_Extension;
				INFOPLIST_FILE = "Watch sLight Complication/Info.plist";
				PRODUCT_BUNDLE_IDENTIFIER = "com.blowbackdesigns.sLight-Complication.watchkitapp";
				PRODUCT_NAME = "$(TARGET_NAME)";
				SDKROOT = watchos;
				SKIP_INSTALL = YES;
				TARGETED_DEVICE_FAMILY = 4;
				WATCHOS_DEPLOYMENT_TARGET = 2.2;
			};
			name = Release;
		};
/* End XCBuildConfiguration section */

/* Begin XCConfigurationList section */
		8E826F141CA4C07B008893D6 /* Build configuration list for PBXProject "sLight Complication" */ = {
			isa = XCConfigurationList;
			buildConfigurations = (
				8E826F291CA4C07B008893D6 /* Debug */,
				8E826F2A1CA4C07B008893D6 /* Release */,
			);
			defaultConfigurationIsVisible = 0;
			defaultConfigurationName = Release;
		};
		8E826F2B1CA4C07B008893D6 /* Build configuration list for PBXNativeTarget "sLight Complication" */ = {
			isa = XCConfigurationList;
			buildConfigurations = (
				8E826F2C1CA4C07B008893D6 /* Debug */,
				8E826F2D1CA4C07B008893D6 /* Release */,
			);
			defaultConfigurationIsVisible = 0;
			defaultConfigurationName = Release;
		};
		8E826F4F1CA4C11F008893D6 /* Build configuration list for PBXNativeTarget "Watch sLight Complication Extension" */ = {
			isa = XCConfigurationList;
			buildConfigurations = (
				8E826F501CA4C11F008893D6 /* Debug */,
				8E826F511CA4C11F008893D6 /* Release */,
			);
			defaultConfigurationIsVisible = 0;
			defaultConfigurationName = Release;
		};
		8E826F531CA4C11F008893D6 /* Build configuration list for PBXNativeTarget "Watch sLight Complication" */ = {
			isa = XCConfigurationList;
			buildConfigurations = (
				8E826F541CA4C11F008893D6 /* Debug */,
				8E826F551CA4C11F008893D6 /* Release */,
			);
			defaultConfigurationIsVisible = 0;
			defaultConfigurationName = Release;
		};
/* End XCConfigurationList section */
	};
	rootObject = 8E826F111CA4C07B008893D6 /* Project object */;
}
